
Microsoft Visual Studio Solution File, Format Version 12.00
# Visual Studio Version 16
VisualStudioVersion = 16.0.29418.71
MinimumVisualStudioVersion = 10.0.40219.1
Project("{FAE04EC0-301F-11D3-BF4B-00C04F79EFBC}") = "ImpactIT", "ImpactIT\ImpactIT.csproj", "{A395697A-F432-4F70-9E42-ED123EC518F2}"
EndProject
Global
	GlobalSection(SolutionConfigurationPlatforms) = preSolution
		Debug|Any CPU = Debug|Any CPU
		Release|Any CPU = Release|Any CPU
	EndGlobalSection
	GlobalSection(ProjectConfigurationPlatforms) = postSolution
		{A395697A-F432-4F70-9E42-ED123EC518F2}.Debug|Any CPU.ActiveCfg = Debug|Any CPU
		{A395697A-F432-4F70-9E42-ED123EC518F2}.Debug|Any CPU.Build.0 = Debug|Any CPU
		{A395697A-F432-4F70-9E42-ED123EC518F2}.Release|Any CPU.ActiveCfg = Release|Any CPU
		{A395697A-F432-4F70-9E42-ED123EC518F2}.Release|Any CPU.Build.0 = Release|Any CPU
	EndGlobalSection
	GlobalSection(SolutionProperties) = preSolution
		HideSolutionNode = FALSE
	EndGlobalSection
	GlobalSection(ExtensibilityGlobals) = postSolution
		SolutionGuid = {68DC0EF8-8B64-4FA1-9452-213F1D2A31AC}
	EndGlobalSection
EndGlobal
